
Microsoft Visual Studio Solution File, Format Version 12.00
# Visual Studio Version 17
VisualStudioVersion = 17.10.34928.147
MinimumVisualStudioVersion = 10.0.40219.1
Project("{8BC9CEB8-8B4A-11D0-8D11-00A0C91BC942}") = "STL", "STL\STL.vcxproj", "{33637AAE-245A-490D-89F6-E199B3630256}"
EndProject
Project("{8BC9CEB8-8B4A-11D0-8D11-00A0C91BC942}") = "AssociativeContainers", "AssociativeContainers\AssociativeContainers.vcxproj", "{DFB470A3-2D4A-424D-96EC-A8FDD4A73B3C}"
EndProject
Project("{8BC9CEB8-8B4A-11D0-8D11-00A0C91BC942}") = "Police", "Police\Police.vcxproj", "{B6BC98A1-C4F2-4408-B888-C963A855DCFB}"
EndProject
Global
	GlobalSection(SolutionConfigurationPlatforms) = preSolution
		Debug|x64 = Debug|x64
		Debug|x86 = Debug|x86
		Release|x64 = Release|x64
		Release|x86 = Release|x86
	EndGlobalSection
	GlobalSection(ProjectConfigurationPlatforms) = postSolution
		{33637AAE-245A-490D-89F6-E199B3630256}.Debug|x64.ActiveCfg = Debug|x64
		{33637AAE-245A-490D-89F6-E199B3630256}.Debug|x64.Build.0 = Debug|x64
		{33637AAE-245A-490D-89F6-E199B3630256}.Debug|x86.ActiveCfg = Debug|Win32
		{33637AAE-245A-490D-89F6-E199B3630256}.Debug|x86.Build.0 = Debug|Win32
		{33637AAE-245A-490D-89F6-E199B3630256}.Release|x64.ActiveCfg = Release|x64
		{33637AAE-245A-490D-89F6-E199B3630256}.Release|x64.Build.0 = Release|x64
		{33637AAE-245A-490D-89F6-E199B3630256}.Release|x86.ActiveCfg = Release|Win32
		{33637AAE-245A-490D-89F6-E199B3630256}.Release|x86.Build.0 = Release|Win32
		{DFB470A3-2D4A-424D-96EC-A8FDD4A73B3C}.Debug|x64.ActiveCfg = Debug|x64
		{DFB470A3-2D4A-424D-96EC-A8FDD4A73B3C}.Debug|x64.Build.0 = Debug|x64
		{DFB470A3-2D4A-424D-96EC-A8FDD4A73B3C}.Debug|x86.ActiveCfg = Debug|Win32
		{DFB470A3-2D4A-424D-96EC-A8FDD4A73B3C}.Debug|x86.Build.0 = Debug|Win32
		{DFB470A3-2D4A-424D-96EC-A8FDD4A73B3C}.Release|x64.ActiveCfg = Release|x64
		{DFB470A3-2D4A-424D-96EC-A8FDD4A73B3C}.Release|x64.Build.0 = Release|x64
		{DFB470A3-2D4A-424D-96EC-A8FDD4A73B3C}.Release|x86.ActiveCfg = Release|Win32
		{DFB470A3-2D4A-424D-96EC-A8FDD4A73B3C}.Release|x86.Build.0 = Release|Win32
		{B6BC98A1-C4F2-4408-B888-C963A855DCFB}.Debug|x64.ActiveCfg = Debug|x64
		{B6BC98A1-C4F2-4408-B888-C963A855DCFB}.Debug|x64.Build.0 = Debug|x64
		{B6BC98A1-C4F2-4408-B888-C963A855DCFB}.Debug|x86.ActiveCfg = Debug|Win32
		{B6BC98A1-C4F2-4408-B888-C963A855DCFB}.Debug|x86.Build.0 = Debug|Win32
		{B6BC98A1-C4F2-4408-B888-C963A855DCFB}.Release|x64.ActiveCfg = Release|x64
		{B6BC98A1-C4F2-4408-B888-C963A855DCFB}.Release|x64.Build.0 = Release|x64
		{B6BC98A1-C4F2-4408-B888-C963A855DCFB}.Release|x86.ActiveCfg = Release|Win32
		{B6BC98A1-C4F2-4408-B888-C963A855DCFB}.Release|x86.Build.0 = Release|Win32
	EndGlobalSection
	GlobalSection(SolutionProperties) = preSolution
		HideSolutionNode = FALSE
	EndGlobalSection
	GlobalSection(ExtensibilityGlobals) = postSolution
		SolutionGuid = {21703FC3-3B97-467D-91F9-0B0C374A36D4}
	EndGlobalSection
EndGlobal
